github.com/google/shlex v0.0.0-20191202100458-e7afc7fbc510 h1:El6M4kTTCOh6aBiKaUGG7oYTSPP8MxqL4YI3kZKwcP4=
github.com/google/shlex v0.0.0-20191202100458-e7afc7fbc510/go.mod h1:pupxD2MaaD3pAXIBCelhxNneeOaAeabZDe5s4K6zSpQ=
tinygo.org/x/drivers v0.26.0 h1:7KSIYssX0ki0dd7yBYkVZWSG0kt8vrZNS0It73TymcA=
tinygo.org/x/drivers v0.26.0/go.mod h1:X7utcg3yfFUFuKLOMTZD56eztXMjpkcf8OHldfTBsjw=
